// !$*UTF8*$!
{
	archiveVersion = 1;
	classes = {
	};
	objectVersion = 56;
	objects = {

/* Begin PBXBuildFile section */
		BB073D372A619FFB0042C314 /* TimeFlowsApp.swift in Sources */ = {isa = PBXBuildFile; fileRef = BB073D362A619FFB0042C314 /* TimeFlowsApp.swift */; };
		BB073D392A619FFB0042C314 /* MainView.swift in Sources */ = {isa = PBXBuildFile; fileRef = BB073D382A619FFB0042C314 /* MainView.swift */; };
		BB073D3B2A619FFB0042C314 /* Assets.xcassets in Resources */ = {isa = PBXBuildFile; fileRef = BB073D3A2A619FFB0042C314 /* Assets.xcassets */; };
		BB073D3F2A619FFB0042C314 /* Preview Assets.xcassets in Resources */ = {isa = PBXBuildFile; fileRef = BB073D3E2A619FFB0042C314 /* Preview Assets.xcassets */; };
		BB073D492A619FFC0042C314 /* TimeFlowsTests.swift in Sources */ = {isa = PBXBuildFile; fileRef = BB073D482A619FFC0042C314 /* TimeFlowsTests.swift */; };
		BB073D632A61A0510042C314 /* TimeFlow.swift in Sources */ = {isa = PBXBuildFile; fileRef = BB073D622A61A0510042C314 /* TimeFlow.swift */; };
		BB073D652A61A07A0042C314 /* TimeItem.swift in Sources */ = {isa = PBXBuildFile; fileRef = BB073D642A61A07A0042C314 /* TimeItem.swift */; };
		BB073D682A61A13D0042C314 /* TimeFlowService.swift in Sources */ = {isa = PBXBuildFile; fileRef = BB073D672A61A13D0042C314 /* TimeFlowService.swift */; };
		BB073D6C2A61A60F0042C314 /* TimeFlowView.swift in Sources */ = {isa = PBXBuildFile; fileRef = BB073D6B2A61A60F0042C314 /* TimeFlowView.swift */; };
		BB073D6E2A61A81C0042C314 /* TimeFlowActionView.swift in Sources */ = {isa = PBXBuildFile; fileRef = BB073D6D2A61A81C0042C314 /* TimeFlowActionView.swift */; };
		BB847E232A798FE2002A9994 /* CSVData in Frameworks */ = {isa = PBXBuildFile; productRef = BB847E222A798FE2002A9994 /* CSVData */; };
		BB847E252A799749002A9994 /* TimeFlow+Transferable.swift in Sources */ = {isa = PBXBuildFile; fileRef = BB847E242A799749002A9994 /* TimeFlow+Transferable.swift */; };
		BBC083A52A7E3BB9009990F4 /* EditItemView.swift in Sources */ = {isa = PBXBuildFile; fileRef = BBC083A42A7E3BB9009990F4 /* EditItemView.swift */; };
		BBC624BC2A8FC3740096AA2B /* ViewInspector in Frameworks */ = {isa = PBXBuildFile; productRef = BBC624BB2A8FC3740096AA2B /* ViewInspector */; };
/* End PBXBuildFile section */

/* Begin PBXContainerItemProxy section */
		BB073D452A619FFC0042C314 /* PBXContainerItemProxy */ = {
			isa = PBXContainerItemProxy;
			containerPortal = BB073D2B2A619FFB0042C314 /* Project object */;
			proxyType = 1;
			remoteGlobalIDString = BB073D322A619FFB0042C314;
			remoteInfo = TimeFlows;
		};
/* End PBXContainerItemProxy section */

/* Begin PBXFileReference section */
		BB073D332A619FFB0042C314 /* SimpleTimeFlows.app */ = {isa = PBXFileReference; explicitFileType = wrapper.application; includeInIndex = 0; path = SimpleTimeFlows.app; sourceTree = BUILT_PRODUCTS_DIR; };
		BB073D362A619FFB0042C314 /* TimeFlowsApp.swift */ = {isa = PBXFileReference; lastKnownFileType = sourcecode.swift; path = TimeFlowsApp.swift; sourceTree = "<group>"; };
		BB073D382A619FFB0042C314 /* MainView.swift */ = {isa = PBXFileReference; lastKnownFileType = sourcecode.swift; path = MainView.swift; sourceTree = "<group>"; };
		BB073D3A2A619FFB0042C314 /* Assets.xcassets */ = {isa = PBXFileReference; lastKnownFileType = folder.assetcatalog; path = Assets.xcassets; sourceTree = "<group>"; };
		BB073D3C2A619FFB0042C314 /* TimeFlows.entitlements */ = {isa = PBXFileReference; lastKnownFileType = text.plist.entitlements; path = TimeFlows.entitlements; sourceTree = "<group>"; };
		BB073D3E2A619FFB0042C314 /* Preview Assets.xcassets */ = {isa = PBXFileReference; lastKnownFileType = folder.assetcatalog; path = "Preview Assets.xcassets"; sourceTree = "<group>"; };
		BB073D442A619FFC0042C314 /* SimpleTimeFlowsTests.xctest */ = {isa = PBXFileReference; explicitFileType = wrapper.cfbundle; includeInIndex = 0; path = SimpleTimeFlowsTests.xctest; sourceTree = BUILT_PRODUCTS_DIR; };
		BB073D482A619FFC0042C314 /* TimeFlowsTests.swift */ = {isa = PBXFileReference; lastKnownFileType = sourcecode.swift; path = TimeFlowsTests.swift; sourceTree = "<group>"; };
		BB073D622A61A0510042C314 /* TimeFlow.swift */ = {isa = PBXFileReference; lastKnownFileType = sourcecode.swift; path = TimeFlow.swift; sourceTree = "<group>"; };
		BB073D642A61A07A0042C314 /* TimeItem.swift */ = {isa = PBXFileReference; lastKnownFileType = sourcecode.swift; path = TimeItem.swift; sourceTree = "<group>"; };
		BB073D672A61A13D0042C314 /* TimeFlowService.swift */ = {isa = PBXFileReference; lastKnownFileType = sourcecode.swift; path = TimeFlowService.swift; sourceTree = "<group>"; };
		BB073D6B2A61A60F0042C314 /* TimeFlowView.swift */ = {isa = PBXFileReference; lastKnownFileType = sourcecode.swift; path = TimeFlowView.swift; sourceTree = "<group>"; };
		BB073D6D2A61A81C0042C314 /* TimeFlowActionView.swift */ = {isa = PBXFileReference; lastKnownFileType = sourcecode.swift; path = TimeFlowActionView.swift; sourceTree = "<group>"; };
		BB847E242A799749002A9994 /* TimeFlow+Transferable.swift */ = {isa = PBXFileReference; lastKnownFileType = sourcecode.swift; path = "TimeFlow+Transferable.swift"; sourceTree = "<group>"; };
		BBC083A42A7E3BB9009990F4 /* EditItemView.swift */ = {isa = PBXFileReference; lastKnownFileType = sourcecode.swift; path = EditItemView.swift; sourceTree = "<group>"; };
/* End PBXFileReference section */

/* Begin PBXFrameworksBuildPhase section */
		BB073D302A619FFB0042C314 /* Frameworks */ = {
			isa = PBXFrameworksBuildPhase;
			buildActionMask = 2147483647;
			files = (
				BB847E232A798FE2002A9994 /* CSVData in Frameworks */,
			);
			runOnlyForDeploymentPostprocessing = 0;
		};
		BB073D412A619FFC0042C314 /* Frameworks */ = {
			isa = PBXFrameworksBuildPhase;
			buildActionMask = 2147483647;
			files = (
				BBC624BC2A8FC3740096AA2B /* ViewInspector in Frameworks */,
			);
			runOnlyForDeploymentPostprocessing = 0;
		};
/* End PBXFrameworksBuildPhase section */

/* Begin PBXGroup section */
		BB073D2A2A619FFB0042C314 = {
			isa = PBXGroup;
			children = (
				BB073D352A619FFB0042C314 /* TimeFlows */,
				BB073D472A619FFC0042C314 /* TimeFlowsTests */,
				BB073D342A619FFB0042C314 /* Products */,
				BBC624BA2A8FC3740096AA2B /* Frameworks */,
			);
			sourceTree = "<group>";
		};
		BB073D342A619FFB0042C314 /* Products */ = {
			isa = PBXGroup;
			children = (
				BB073D332A619FFB0042C314 /* SimpleTimeFlows.app */,
				BB073D442A619FFC0042C314 /* SimpleTimeFlowsTests.xctest */,
			);
			name = Products;
			sourceTree = "<group>";
		};
		BB073D352A619FFB0042C314 /* TimeFlows */ = {
			isa = PBXGroup;
			children = (
				BB073D692A61A1810042C314 /* Core */,
				BB073D612A61A0390042C314 /* Model */,
				BB073D662A61A1300042C314 /* Service */,
				BB073D6A2A61A1920042C314 /* View */,
				BB073D3D2A619FFB0042C314 /* Preview Content */,
			);
			path = TimeFlows;
			sourceTree = "<group>";
		};
		BB073D3D2A619FFB0042C314 /* Preview Content */ = {
			isa = PBXGroup;
			children = (
				BB073D3E2A619FFB0042C314 /* Preview Assets.xcassets */,
			);
			path = "Preview Content";
			sourceTree = "<group>";
		};
		BB073D472A619FFC0042C314 /* TimeFlowsTests */ = {
			isa = PBXGroup;
			children = (
				BB073D482A619FFC0042C314 /* TimeFlowsTests.swift */,
			);
			path = TimeFlowsTests;
			sourceTree = "<group>";
		};
		BB073D612A61A0390042C314 /* Model */ = {
			isa = PBXGroup;
			children = (
				BB073D622A61A0510042C314 /* TimeFlow.swift */,
				BB847E242A799749002A9994 /* TimeFlow+Transferable.swift */,
				BB073D642A61A07A0042C314 /* TimeItem.swift */,
			);
			path = Model;
			sourceTree = "<group>";
		};
		BB073D662A61A1300042C314 /* Service */ = {
			isa = PBXGroup;
			children = (
				BB073D672A61A13D0042C314 /* TimeFlowService.swift */,
			);
			path = Service;
			sourceTree = "<group>";
		};
		BB073D692A61A1810042C314 /* Core */ = {
			isa = PBXGroup;
			children = (
				BB073D3A2A619FFB0042C314 /* Assets.xcassets */,
				BB073D3C2A619FFB0042C314 /* TimeFlows.entitlements */,
				BB073D362A619FFB0042C314 /* TimeFlowsApp.swift */,
			);
			path = Core;
			sourceTree = "<group>";
		};
		BB073D6A2A61A1920042C314 /* View */ = {
			isa = PBXGroup;
			children = (
				BB073D382A619FFB0042C314 /* MainView.swift */,
				BB073D6B2A61A60F0042C314 /* TimeFlowView.swift */,
				BBC083A42A7E3BB9009990F4 /* EditItemView.swift */,
				BB073D6D2A61A81C0042C314 /* TimeFlowActionView.swift */,
			);
			path = View;
			sourceTree = "<group>";
		};
		BBC624BA2A8FC3740096AA2B /* Frameworks */ = {
			isa = PBXGroup;
			children = (
			);
			name = Frameworks;
			sourceTree = "<group>";
		};
/* End PBXGroup section */

/* Begin PBXNativeTarget section */
		BB073D322A619FFB0042C314 /* SimpleTimeFlows */ = {
			isa = PBXNativeTarget;
			buildConfigurationList = BB073D582A619FFC0042C314 /* Build configuration list for PBXNativeTarget "SimpleTimeFlows" */;
			buildPhases = (
				BB073D2F2A619FFB0042C314 /* Sources */,
				BB073D302A619FFB0042C314 /* Frameworks */,
				BB073D312A619FFB0042C314 /* Resources */,
			);
			buildRules = (
			);
			dependencies = (
			);
			name = SimpleTimeFlows;
			packageProductDependencies = (
				BB847E222A798FE2002A9994 /* CSVData */,
			);
			productName = TimeFlows;
			productReference = BB073D332A619FFB0042C314 /* SimpleTimeFlows.app */;
			productType = "com.apple.product-type.application";
		};
		BB073D432A619FFC0042C314 /* SimpleTimeFlowsTests */ = {
			isa = PBXNativeTarget;
			buildConfigurationList = BB073D5B2A619FFC0042C314 /* Build configuration list for PBXNativeTarget "SimpleTimeFlowsTests" */;
			buildPhases = (
				BB073D402A619FFC0042C314 /* Sources */,
				BB073D412A619FFC0042C314 /* Frameworks */,
				BB073D422A619FFC0042C314 /* Resources */,
			);
			buildRules = (
			);
			dependencies = (
				BB073D462A619FFC0042C314 /* PBXTargetDependency */,
			);
			name = SimpleTimeFlowsTests;
			packageProductDependencies = (
				BBC624BB2A8FC3740096AA2B /* ViewInspector */,
			);
			productName = TimeFlowsTests;
			productReference = BB073D442A619FFC0042C314 /* SimpleTimeFlowsTests.xctest */;
			productType = "com.apple.product-type.bundle.unit-test";
		};
/* End PBXNativeTarget section */

/* Begin PBXProject section */
		BB073D2B2A619FFB0042C314 /* Project object */ = {
			isa = PBXProject;
			attributes = {
				BuildIndependentTargetsInParallel = 1;
				LastSwiftUpdateCheck = 1430;
				LastUpgradeCheck = 1430;
				TargetAttributes = {
					BB073D322A619FFB0042C314 = {
						CreatedOnToolsVersion = 14.3;
					};
					BB073D432A619FFC0042C314 = {
						CreatedOnToolsVersion = 14.3;
						TestTargetID = BB073D322A619FFB0042C314;
					};
				};
			};
			buildConfigurationList = BB073D2E2A619FFB0042C314 /* Build configuration list for PBXProject "TimeFlows" */;
			compatibilityVersion = "Xcode 14.0";
			developmentRegion = en;
			hasScannedForEncodings = 0;
			knownRegions = (
				en,
				Base,
			);
			mainGroup = BB073D2A2A619FFB0042C314;
			packageReferences = (
				BB847E212A798FE2002A9994 /* XCRemoteSwiftPackageReference "CSVData" */,
				BBC624B72A8FC3480096AA2B /* XCRemoteSwiftPackageReference "ViewInspector" */,
			);
			productRefGroup = BB073D342A619FFB0042C314 /* Products */;
			projectDirPath = "";
			projectRoot = "";
			targets = (
				BB073D322A619FFB0042C314 /* SimpleTimeFlows */,
				BB073D432A619FFC0042C314 /* SimpleTimeFlowsTests */,
			);
		};
/* End PBXProject section */

/* Begin PBXResourcesBuildPhase section */
		BB073D312A619FFB0042C314 /* Resources */ = {
			isa = PBXResourcesBuildPhase;
			buildActionMask = 2147483647;
			files = (
				BB073D3F2A619FFB0042C314 /* Preview Assets.xcassets in Resources */,
				BB073D3B2A619FFB0042C314 /* Assets.xcassets in Resources */,
			);
			runOnlyForDeploymentPostprocessing = 0;
		};
		BB073D422A619FFC0042C314 /* Resources */ = {
			isa = PBXResourcesBuildPhase;
			buildActionMask = 2147483647;
			files = (
			);
			runOnlyForDeploymentPostprocessing = 0;
		};
/* End PBXResourcesBuildPhase section */

/* Begin PBXSourcesBuildPhase section */
		BB073D2F2A619FFB0042C314 /* Sources */ = {
			isa = PBXSourcesBuildPhase;
			buildActionMask = 2147483647;
			files = (
				BB073D392A619FFB0042C314 /* MainView.swift in Sources */,
				BB073D372A619FFB0042C314 /* TimeFlowsApp.swift in Sources */,
				BB073D632A61A0510042C314 /* TimeFlow.swift in Sources */,
				BB073D6C2A61A60F0042C314 /* TimeFlowView.swift in Sources */,
				BB847E252A799749002A9994 /* TimeFlow+Transferable.swift in Sources */,
				BB073D652A61A07A0042C314 /* TimeItem.swift in Sources */,
				BB073D682A61A13D0042C314 /* TimeFlowService.swift in Sources */,
				BB073D6E2A61A81C0042C314 /* TimeFlowActionView.swift in Sources */,
				BBC083A52A7E3BB9009990F4 /* EditItemView.swift in Sources */,
			);
			runOnlyForDeploymentPostprocessing = 0;
		};
		BB073D402A619FFC0042C314 /* Sources */ = {
			isa = PBXSourcesBuildPhase;
			buildActionMask = 2147483647;
			files = (
				BB073D492A619FFC0042C314 /* TimeFlowsTests.swift in Sources */,
			);
			runOnlyForDeploymentPostprocessing = 0;
		};
/* End PBXSourcesBuildPhase section */

/* Begin PBXTargetDependency section */
		BB073D462A619FFC0042C314 /* PBXTargetDependency */ = {
			isa = PBXTargetDependency;
			target = BB073D322A619FFB0042C314 /* SimpleTimeFlows */;
			targetProxy = BB073D452A619FFC0042C314 /* PBXContainerItemProxy */;
		};
/* End PBXTargetDependency section */

/* Begin XCBuildConfiguration section */
		BB073D562A619FFC0042C314 /* Debug */ = {
			isa = XCBuildConfiguration;
			buildSettings = {
				ALWAYS_SEARCH_USER_PATHS = NO;
				CLANG_ANALYZER_NONNULL = YES;
				CLANG_ANALYZER_NUMBER_OBJECT_CONVERSION = YES_AGGRESSIVE;
				CLANG_CXX_LANGUAGE_STANDARD = "gnu++20";
				CLANG_ENABLE_MODULES = YES;
				CLANG_ENABLE_OBJC_ARC = YES;
				CLANG_ENABLE_OBJC_WEAK = YES;
				CLANG_WARN_BLOCK_CAPTURE_AUTORELEASING = YES;
				CLANG_WARN_BOOL_CONVERSION = YES;
				CLANG_WARN_COMMA = YES;
				CLANG_WARN_CONSTANT_CONVERSION = YES;
				CLANG_WARN_DEPRECATED_OBJC_IMPLEMENTATIONS = YES;
				CLANG_WARN_DIRECT_OBJC_ISA_USAGE = YES_ERROR;
				CLANG_WARN_DOCUMENTATION_COMMENTS = YES;
				CLANG_WARN_EMPTY_BODY = YES;
				CLANG_WARN_ENUM_CONVERSION = YES;
				CLANG_WARN_INFINITE_RECURSION = YES;
				CLANG_WARN_INT_CONVERSION = YES;
				CLANG_WARN_NON_LITERAL_NULL_CONVERSION = YES;
				CLANG_WARN_OBJC_IMPLICIT_RETAIN_SELF = YES;
				CLANG_WARN_OBJC_LITERAL_CONVERSION = YES;
				CLANG_WARN_OBJC_ROOT_CLASS = YES_ERROR;
				CLANG_WARN_QUOTED_INCLUDE_IN_FRAMEWORK_HEADER = YES;
				CLANG_WARN_RANGE_LOOP_ANALYSIS = YES;
				CLANG_WARN_STRICT_PROTOTYPES = YES;
				CLANG_WARN_SUSPICIOUS_MOVE = YES;
				CLANG_WARN_UNGUARDED_AVAILABILITY = YES_AGGRESSIVE;
				CLANG_WARN_UNREACHABLE_CODE = YES;
				CLANG_WARN__DUPLICATE_METHOD_MATCH = YES;
				COPY_PHASE_STRIP = NO;
				DEBUG_INFORMATION_FORMAT = dwarf;
				ENABLE_STRICT_OBJC_MSGSEND = YES;
				ENABLE_TESTABILITY = YES;
				GCC_C_LANGUAGE_STANDARD = gnu11;
				GCC_DYNAMIC_NO_PIC = NO;
				GCC_NO_COMMON_BLOCKS = YES;
				GCC_OPTIMIZATION_LEVEL = 0;
				GCC_PREPROCESSOR_DEFINITIONS = (
					"DEBUG=1",
					"$(inherited)",
				);
				GCC_WARN_64_TO_32_BIT_CONVERSION = YES;
				GCC_WARN_ABOUT_RETURN_TYPE = YES_ERROR;
				GCC_WARN_UNDECLARED_SELECTOR = YES;
				GCC_WARN_UNINITIALIZED_AUTOS = YES_AGGRESSIVE;
				GCC_WARN_UNUSED_FUNCTION = YES;
				GCC_WARN_UNUSED_VARIABLE = YES;
				MTL_ENABLE_DEBUG_INFO = INCLUDE_SOURCE;
				MTL_FAST_MATH = YES;
				ONLY_ACTIVE_ARCH = YES;
				SWIFT_ACTIVE_COMPILATION_CONDITIONS = DEBUG;
				SWIFT_OPTIMIZATION_LEVEL = "-Onone";
			};
			name = Debug;
		};
		BB073D572A619FFC0042C314 /* Release */ = {
			isa = XCBuildConfiguration;
			buildSettings = {
				ALWAYS_SEARCH_USER_PATHS = NO;
				CLANG_ANALYZER_NONNULL = YES;
				CLANG_ANALYZER_NUMBER_OBJECT_CONVERSION = YES_AGGRESSIVE;
				CLANG_CXX_LANGUAGE_STANDARD = "gnu++20";
				CLANG_ENABLE_MODULES = YES;
				CLANG_ENABLE_OBJC_ARC = YES;
				CLANG_ENABLE_OBJC_WEAK = YES;
				CLANG_WARN_BLOCK_CAPTURE_AUTORELEASING = YES;
				CLANG_WARN_BOOL_CONVERSION = YES;
				CLANG_WARN_COMMA = YES;
				CLANG_WARN_CONSTANT_CONVERSION = YES;
				CLANG_WARN_DEPRECATED_OBJC_IMPLEMENTATIONS = YES;
				CLANG_WARN_DIRECT_OBJC_ISA_USAGE = YES_ERROR;
				CLANG_WARN_DOCUMENTATION_COMMENTS = YES;
				CLANG_WARN_EMPTY_BODY = YES;
				CLANG_WARN_ENUM_CONVERSION = YES;
				CLANG_WARN_INFINITE_RECURSION = YES;
				CLANG_WARN_INT_CONVERSION = YES;
				CLANG_WARN_NON_LITERAL_NULL_CONVERSION = YES;
				CLANG_WARN_OBJC_IMPLICIT_RETAIN_SELF = YES;
				CLANG_WARN_OBJC_LITERAL_CONVERSION = YES;
				CLANG_WARN_OBJC_ROOT_CLASS = YES_ERROR;
				CLANG_WARN_QUOTED_INCLUDE_IN_FRAMEWORK_HEADER = YES;
				CLANG_WARN_RANGE_LOOP_ANALYSIS = YES;
				CLANG_WARN_STRICT_PROTOTYPES = YES;
				CLANG_WARN_SUSPICIOUS_MOVE = YES;
				CLANG_WARN_UNGUARDED_AVAILABILITY = YES_AGGRESSIVE;
				CLANG_WARN_UNREACHABLE_CODE = YES;
				CLANG_WARN__DUPLICATE_METHOD_MATCH = YES;
				COPY_PHASE_STRIP = NO;
				DEBUG_INFORMATION_FORMAT = "dwarf-with-dsym";
				ENABLE_NS_ASSERTIONS = NO;
				ENABLE_STRICT_OBJC_MSGSEND = YES;
				GCC_C_LANGUAGE_STANDARD = gnu11;
				GCC_NO_COMMON_BLOCKS = YES;
				GCC_WARN_64_TO_32_BIT_CONVERSION = YES;
				GCC_WARN_ABOUT_RETURN_TYPE = YES_ERROR;
				GCC_WARN_UNDECLARED_SELECTOR = YES;
				GCC_WARN_UNINITIALIZED_AUTOS = YES_AGGRESSIVE;
				GCC_WARN_UNUSED_FUNCTION = YES;
				GCC_WARN_UNUSED_VARIABLE = YES;
				MTL_ENABLE_DEBUG_INFO = NO;
				MTL_FAST_MATH = YES;
				SWIFT_COMPILATION_MODE = wholemodule;
				SWIFT_OPTIMIZATION_LEVEL = "-O";
			};
			name = Release;
		};
		BB073D592A619FFC0042C314 /* Debug */ = {
			isa = XCBuildConfiguration;
			buildSettings = {
				ASSETCATALOG_COMPILER_APPICON_NAME = AppIcon;
				ASSETCATALOG_COMPILER_GLOBAL_ACCENT_COLOR_NAME = AccentColor;
				CODE_SIGN_ENTITLEMENTS = TimeFlows/Core/TimeFlows.entitlements;
				CODE_SIGN_STYLE = Automatic;
				CURRENT_PROJECT_VERSION = 1;
				DEVELOPMENT_ASSET_PATHS = "\"TimeFlows/Preview Content\"";
				DEVELOPMENT_TEAM = CR6FRMMTU7;
				ENABLE_HARDENED_RUNTIME = YES;
				ENABLE_PREVIEWS = YES;
				GENERATE_INFOPLIST_FILE = YES;
				"INFOPLIST_KEY_UIApplicationSceneManifest_Generation[sdk=iphoneos*]" = YES;
				"INFOPLIST_KEY_UIApplicationSceneManifest_Generation[sdk=iphonesimulator*]" = YES;
				"INFOPLIST_KEY_UIApplicationSupportsIndirectInputEvents[sdk=iphoneos*]" = YES;
				"INFOPLIST_KEY_UIApplicationSupportsIndirectInputEvents[sdk=iphonesimulator*]" = YES;
				"INFOPLIST_KEY_UILaunchScreen_Generation[sdk=iphoneos*]" = YES;
				"INFOPLIST_KEY_UILaunchScreen_Generation[sdk=iphonesimulator*]" = YES;
				"INFOPLIST_KEY_UIStatusBarStyle[sdk=iphoneos*]" = UIStatusBarStyleDefault;
				"INFOPLIST_KEY_UIStatusBarStyle[sdk=iphonesimulator*]" = UIStatusBarStyleDefault;
				INFOPLIST_KEY_UISupportedInterfaceOrientations_iPad = "UIInterfaceOrientationPortrait UIInterfaceOrientationPortraitUpsideDown UIInterfaceOrientationLandscapeLeft UIInterfaceOrientationLandscapeRight";
				INFOPLIST_KEY_UISupportedInterfaceOrientations_iPhone = "UIInterfaceOrientationPortrait UIInterfaceOrientationLandscapeLeft UIInterfaceOrientationLandscapeRight";
				IPHONEOS_DEPLOYMENT_TARGET = 16.4;
				LD_RUNPATH_SEARCH_PATHS = "@executable_path/Frameworks";
				"LD_RUNPATH_SEARCH_PATHS[sdk=macosx*]" = "@executable_path/../Frameworks";
				MACOSX_DEPLOYMENT_TARGET = 13.3;
				MARKETING_VERSION = 1.0;
				PRODUCT_BUNDLE_IDENTIFIER = de.brehm.oliver.SimpleTimeFlows;
				PRODUCT_NAME = "$(TARGET_NAME)";
				SDKROOT = auto;
				SUPPORTED_PLATFORMS = "iphoneos iphonesimulator";
				SUPPORTS_MACCATALYST = NO;
				SUPPORTS_MAC_DESIGNED_FOR_IPHONE_IPAD = NO;
				SWIFT_EMIT_LOC_STRINGS = YES;
				SWIFT_VERSION = 5.0;
				TARGETED_DEVICE_FAMILY = "1,2";
			};
			name = Debug;
		};
		BB073D5A2A619FFC0042C314 /* Release */ = {
			isa = XCBuildConfiguration;
			buildSettings = {
				ASSETCATALOG_COMPILER_APPICON_NAME = AppIcon;
				ASSETCATALOG_COMPILER_GLOBAL_ACCENT_COLOR_NAME = AccentColor;
				CODE_SIGN_ENTITLEMENTS = TimeFlows/Core/TimeFlows.entitlements;
				CODE_SIGN_STYLE = Automatic;
				CURRENT_PROJECT_VERSION = 1;
				DEVELOPMENT_ASSET_PATHS = "\"TimeFlows/Preview Content\"";
				DEVELOPMENT_TEAM = CR6FRMMTU7;
				ENABLE_HARDENED_RUNTIME = YES;
				ENABLE_PREVIEWS = YES;
				GENERATE_INFOPLIST_FILE = YES;
				"INFOPLIST_KEY_UIApplicationSceneManifest_Generation[sdk=iphoneos*]" = YES;
				"INFOPLIST_KEY_UIApplicationSceneManifest_Generation[sdk=iphonesimulator*]" = YES;
				"INFOPLIST_KEY_UIApplicationSupportsIndirectInputEvents[sdk=iphoneos*]" = YES;
				"INFOPLIST_KEY_UIApplicationSupportsIndirectInputEvents[sdk=iphonesimulator*]" = YES;
				"INFOPLIST_KEY_UILaunchScreen_Generation[sdk=iphoneos*]" = YES;
				"INFOPLIST_KEY_UILaunchScreen_Generation[sdk=iphonesimulator*]" = YES;
				"INFOPLIST_KEY_UIStatusBarStyle[sdk=iphoneos*]" = UIStatusBarStyleDefault;
				"INFOPLIST_KEY_UIStatusBarStyle[sdk=iphonesimulator*]" = UIStatusBarStyleDefault;
				INFOPLIST_KEY_UISupportedInterfaceOrientations_iPad = "UIInterfaceOrientationPortrait UIInterfaceOrientationPortraitUpsideDown UIInterfaceOrientationLandscapeLeft UIInterfaceOrientationLandscapeRight";
				INFOPLIST_KEY_UISupportedInterfaceOrientations_iPhone = "UIInterfaceOrientationPortrait UIInterfaceOrientationLandscapeLeft UIInterfaceOrientationLandscapeRight";
				IPHONEOS_DEPLOYMENT_TARGET = 16.4;
				LD_RUNPATH_SEARCH_PATHS = "@executable_path/Frameworks";
				"LD_RUNPATH_SEARCH_PATHS[sdk=macosx*]" = "@executable_path/../Frameworks";
				MACOSX_DEPLOYMENT_TARGET = 13.3;
				MARKETING_VERSION = 1.0;
				PRODUCT_BUNDLE_IDENTIFIER = de.brehm.oliver.SimpleTimeFlows;
				PRODUCT_NAME = "$(TARGET_NAME)";
				SDKROOT = auto;
				SUPPORTED_PLATFORMS = "iphoneos iphonesimulator";
				SUPPORTS_MACCATALYST = NO;
				SUPPORTS_MAC_DESIGNED_FOR_IPHONE_IPAD = NO;
				SWIFT_EMIT_LOC_STRINGS = YES;
				SWIFT_VERSION = 5.0;
				TARGETED_DEVICE_FAMILY = "1,2";
			};
			name = Release;
		};
		BB073D5C2A619FFC0042C314 /* Debug */ = {
			isa = XCBuildConfiguration;
			buildSettings = {
				ALWAYS_EMBED_SWIFT_STANDARD_LIBRARIES = YES;
				BUNDLE_LOADER = "$(TEST_HOST)";
				CODE_SIGN_STYLE = Automatic;
				CURRENT_PROJECT_VERSION = 1;
				DEVELOPMENT_TEAM = CR6FRMMTU7;
				GENERATE_INFOPLIST_FILE = YES;
				IPHONEOS_DEPLOYMENT_TARGET = 16.4;
				MACOSX_DEPLOYMENT_TARGET = 13.3;
				MARKETING_VERSION = 1.0;
				PRODUCT_BUNDLE_IDENTIFIER = de.brehm.oliver.TimeFlowsTests;
				PRODUCT_NAME = "$(TARGET_NAME)";
				SDKROOT = auto;
				SUPPORTED_PLATFORMS = "iphoneos iphonesimulator macosx";
				SWIFT_EMIT_LOC_STRINGS = NO;
				SWIFT_VERSION = 5.0;
				TARGETED_DEVICE_FAMILY = "1,2";
				TEST_HOST = "$(BUILT_PRODUCTS_DIR)/TimeFlows.app/$(BUNDLE_EXECUTABLE_FOLDER_PATH)/TimeFlows";
			};
			name = Debug;
		};
		BB073D5D2A619FFC0042C314 /* Release */ = {
			isa = XCBuildConfiguration;
			buildSettings = {
				ALWAYS_EMBED_SWIFT_STANDARD_LIBRARIES = YES;
				BUNDLE_LOADER = "$(TEST_HOST)";
				CODE_SIGN_STYLE = Automatic;
				CURRENT_PROJECT_VERSION = 1;
				DEVELOPMENT_TEAM = CR6FRMMTU7;
				GENERATE_INFOPLIST_FILE = YES;
				IPHONEOS_DEPLOYMENT_TARGET = 16.4;
				MACOSX_DEPLOYMENT_TARGET = 13.3;
				MARKETING_VERSION = 1.0;
				PRODUCT_BUNDLE_IDENTIFIER = de.brehm.oliver.TimeFlowsTests;
				PRODUCT_NAME = "$(TARGET_NAME)";
				SDKROOT = auto;
				SUPPORTED_PLATFORMS = "iphoneos iphonesimulator macosx";
				SWIFT_EMIT_LOC_STRINGS = NO;
				SWIFT_VERSION = 5.0;
				TARGETED_DEVICE_FAMILY = "1,2";
				TEST_HOST = "$(BUILT_PRODUCTS_DIR)/TimeFlows.app/$(BUNDLE_EXECUTABLE_FOLDER_PATH)/TimeFlows";
			};
			name = Release;
		};
		BBE8E5C12A93857800FA069C /* TestBE */ = {
			isa = XCBuildConfiguration;
			buildSettings = {
				ALWAYS_SEARCH_USER_PATHS = NO;
				CLANG_ANALYZER_NONNULL = YES;
				CLANG_ANALYZER_NUMBER_OBJECT_CONVERSION = YES_AGGRESSIVE;
				CLANG_CXX_LANGUAGE_STANDARD = "gnu++20";
				CLANG_ENABLE_MODULES = YES;
				CLANG_ENABLE_OBJC_ARC = YES;
				CLANG_ENABLE_OBJC_WEAK = YES;
				CLANG_WARN_BLOCK_CAPTURE_AUTORELEASING = YES;
				CLANG_WARN_BOOL_CONVERSION = YES;
				CLANG_WARN_COMMA = YES;
				CLANG_WARN_CONSTANT_CONVERSION = YES;
				CLANG_WARN_DEPRECATED_OBJC_IMPLEMENTATIONS = YES;
				CLANG_WARN_DIRECT_OBJC_ISA_USAGE = YES_ERROR;
				CLANG_WARN_DOCUMENTATION_COMMENTS = YES;
				CLANG_WARN_EMPTY_BODY = YES;
				CLANG_WARN_ENUM_CONVERSION = YES;
				CLANG_WARN_INFINITE_RECURSION = YES;
				CLANG_WARN_INT_CONVERSION = YES;
				CLANG_WARN_NON_LITERAL_NULL_CONVERSION = YES;
				CLANG_WARN_OBJC_IMPLICIT_RETAIN_SELF = YES;
				CLANG_WARN_OBJC_LITERAL_CONVERSION = YES;
				CLANG_WARN_OBJC_ROOT_CLASS = YES_ERROR;
				CLANG_WARN_QUOTED_INCLUDE_IN_FRAMEWORK_HEADER = YES;
				CLANG_WARN_RANGE_LOOP_ANALYSIS = YES;
				CLANG_WARN_STRICT_PROTOTYPES = YES;
				CLANG_WARN_SUSPICIOUS_MOVE = YES;
				CLANG_WARN_UNGUARDED_AVAILABILITY = YES_AGGRESSIVE;
				CLANG_WARN_UNREACHABLE_CODE = YES;
				CLANG_WARN__DUPLICATE_METHOD_MATCH = YES;
				COPY_PHASE_STRIP = NO;
				DEBUG_INFORMATION_FORMAT = dwarf;
				ENABLE_STRICT_OBJC_MSGSEND = YES;
				ENABLE_TESTABILITY = YES;
				GCC_C_LANGUAGE_STANDARD = gnu11;
				GCC_DYNAMIC_NO_PIC = NO;
				GCC_NO_COMMON_BLOCKS = YES;
				GCC_OPTIMIZATION_LEVEL = 0;
				GCC_PREPROCESSOR_DEFINITIONS = (
					"DEBUG=1",
					"$(inherited)",
				);
				GCC_WARN_64_TO_32_BIT_CONVERSION = YES;
				GCC_WARN_ABOUT_RETURN_TYPE = YES_ERROR;
				GCC_WARN_UNDECLARED_SELECTOR = YES;
				GCC_WARN_UNINITIALIZED_AUTOS = YES_AGGRESSIVE;
				GCC_WARN_UNUSED_FUNCTION = YES;
				GCC_WARN_UNUSED_VARIABLE = YES;
				MTL_ENABLE_DEBUG_INFO = INCLUDE_SOURCE;
				MTL_FAST_MATH = YES;
				ONLY_ACTIVE_ARCH = YES;
				SWIFT_ACTIVE_COMPILATION_CONDITIONS = DEBUG;
				SWIFT_OPTIMIZATION_LEVEL = "-Onone";
			};
			name = TestBE;
		};
		BBE8E5C22A93857800FA069C /* TestBE */ = {
			isa = XCBuildConfiguration;
			buildSettings = {
				ASSETCATALOG_COMPILER_APPICON_NAME = AppIcon;
				ASSETCATALOG_COMPILER_GLOBAL_ACCENT_COLOR_NAME = AccentColor;
				CODE_SIGN_ENTITLEMENTS = TimeFlows/Core/TimeFlows.entitlements;
				CODE_SIGN_STYLE = Automatic;
				CURRENT_PROJECT_VERSION = 1;
				DEVELOPMENT_ASSET_PATHS = "\"TimeFlows/Preview Content\"";
				DEVELOPMENT_TEAM = CR6FRMMTU7;
				ENABLE_HARDENED_RUNTIME = YES;
				ENABLE_PREVIEWS = YES;
				GENERATE_INFOPLIST_FILE = YES;
				"INFOPLIST_KEY_UIApplicationSceneManifest_Generation[sdk=iphoneos*]" = YES;
				"INFOPLIST_KEY_UIApplicationSceneManifest_Generation[sdk=iphonesimulator*]" = YES;
				"INFOPLIST_KEY_UIApplicationSupportsIndirectInputEvents[sdk=iphoneos*]" = YES;
				"INFOPLIST_KEY_UIApplicationSupportsIndirectInputEvents[sdk=iphonesimulator*]" = YES;
				"INFOPLIST_KEY_UILaunchScreen_Generation[sdk=iphoneos*]" = YES;
				"INFOPLIST_KEY_UILaunchScreen_Generation[sdk=iphonesimulator*]" = YES;
				"INFOPLIST_KEY_UIStatusBarStyle[sdk=iphoneos*]" = UIStatusBarStyleDefault;
				"INFOPLIST_KEY_UIStatusBarStyle[sdk=iphonesimulator*]" = UIStatusBarStyleDefault;
				INFOPLIST_KEY_UISupportedInterfaceOrientations_iPad = "UIInterfaceOrientationPortrait UIInterfaceOrientationPortraitUpsideDown UIInterfaceOrientationLandscapeLeft UIInterfaceOrientationLandscapeRight";
				INFOPLIST_KEY_UISupportedInterfaceOrientations_iPhone = "UIInterfaceOrientationPortrait UIInterfaceOrientationLandscapeLeft UIInterfaceOrientationLandscapeRight";
				IPHONEOS_DEPLOYMENT_TARGET = 16.4;
				LD_RUNPATH_SEARCH_PATHS = "@executable_path/Frameworks";
				"LD_RUNPATH_SEARCH_PATHS[sdk=macosx*]" = "@executable_path/../Frameworks";
				MACOSX_DEPLOYMENT_TARGET = 13.3;
				MARKETING_VERSION = 1.0;
				PRODUCT_BUNDLE_IDENTIFIER = de.brehm.oliver.SimpleTimeFlows.TestBE;
				PRODUCT_NAME = "$(TARGET_NAME)";
				SDKROOT = auto;
				SUPPORTED_PLATFORMS = "iphoneos iphonesimulator";
				SUPPORTS_MACCATALYST = NO;
				SUPPORTS_MAC_DESIGNED_FOR_IPHONE_IPAD = NO;
				SWIFT_EMIT_LOC_STRINGS = YES;
				SWIFT_VERSION = 5.0;
				TARGETED_DEVICE_FAMILY = "1,2";
			};
			name = TestBE;
		};
		BBE8E5C32A93857800FA069C /* TestBE */ = {
			isa = XCBuildConfiguration;
			buildSettings = {
				ALWAYS_EMBED_SWIFT_STANDARD_LIBRARIES = YES;
				BUNDLE_LOADER = "$(TEST_HOST)";
				CODE_SIGN_STYLE = Automatic;
				CURRENT_PROJECT_VERSION = 1;
				DEVELOPMENT_TEAM = CR6FRMMTU7;
				GENERATE_INFOPLIST_FILE = YES;
				IPHONEOS_DEPLOYMENT_TARGET = 16.4;
				MACOSX_DEPLOYMENT_TARGET = 13.3;
				MARKETING_VERSION = 1.0;
				PRODUCT_BUNDLE_IDENTIFIER = de.brehm.oliver.TimeFlowsTests;
				PRODUCT_NAME = "$(TARGET_NAME)";
				SDKROOT = auto;
				SUPPORTED_PLATFORMS = "iphoneos iphonesimulator macosx";
				SWIFT_EMIT_LOC_STRINGS = NO;
				SWIFT_VERSION = 5.0;
				TARGETED_DEVICE_FAMILY = "1,2";
				TEST_HOST = "$(BUILT_PRODUCTS_DIR)/TimeFlows.app/$(BUNDLE_EXECUTABLE_FOLDER_PATH)/TimeFlows";
			};
			name = TestBE;
		};
/* End XCBuildConfiguration section */

/* Begin XCConfigurationList section */
		BB073D2E2A619FFB0042C314 /* Build configuration list for PBXProject "TimeFlows" */ = {
			isa = XCConfigurationList;
			buildConfigurations = (
				BB073D562A619FFC0042C314 /* Debug */,
				BBE8E5C12A93857800FA069C /* TestBE */,
				BB073D572A619FFC0042C314 /* Release */,
			);
			defaultConfigurationIsVisible = 0;
			defaultConfigurationName = Release;
		};
		BB073D582A619FFC0042C314 /* Build configuration list for PBXNativeTarget "SimpleTimeFlows" */ = {
			isa = XCConfigurationList;
			buildConfigurations = (
				BB073D592A619FFC0042C314 /* Debug */,
				BBE8E5C22A93857800FA069C /* TestBE */,
				BB073D5A2A619FFC0042C314 /* Release */,
			);
			defaultConfigurationIsVisible = 0;
			defaultConfigurationName = Release;
		};
		BB073D5B2A619FFC0042C314 /* Build configuration list for PBXNativeTarget "SimpleTimeFlowsTests" */ = {
			isa = XCConfigurationList;
			buildConfigurations = (
				BB073D5C2A619FFC0042C314 /* Debug */,
				BBE8E5C32A93857800FA069C /* TestBE */,
				BB073D5D2A619FFC0042C314 /* Release */,
			);
			defaultConfigurationIsVisible = 0;
			defaultConfigurationName = Release;
		};
/* End XCConfigurationList section */

/* Begin XCRemoteSwiftPackageReference section */
		BB847E212A798FE2002A9994 /* XCRemoteSwiftPackageReference "CSVData" */ = {
			isa = XCRemoteSwiftPackageReference;
			repositoryURL = "https://github.com/oliverbrehm/CSVData.git";
			requirement = {
				branch = main;
				kind = branch;
			};
		};
		BBC624B72A8FC3480096AA2B /* XCRemoteSwiftPackageReference "ViewInspector" */ = {
			isa = XCRemoteSwiftPackageReference;
			repositoryURL = "https://github.com/nalexn/ViewInspector";
			requirement = {
				kind = upToNextMajorVersion;
				minimumVersion = 0.9.7;
			};
		};
/* End XCRemoteSwiftPackageReference section */

/* Begin XCSwiftPackageProductDependency section */
		BB847E222A798FE2002A9994 /* CSVData */ = {
			isa = XCSwiftPackageProductDependency;
			package = BB847E212A798FE2002A9994 /* XCRemoteSwiftPackageReference "CSVData" */;
			productName = CSVData;
		};
		BBC624BB2A8FC3740096AA2B /* ViewInspector */ = {
			isa = XCSwiftPackageProductDependency;
			package = BBC624B72A8FC3480096AA2B /* XCRemoteSwiftPackageReference "ViewInspector" */;
			productName = ViewInspector;
		};
/* End XCSwiftPackageProductDependency section */
	};
	rootObject = BB073D2B2A619FFB0042C314 /* Project object */;
}
