// !$*UTF8*$!
{
	archiveVersion = 1;
	classes = {
	};
	objectVersion = 56;
	objects = {

/* Begin PBXBuildFile section */
		BB073D372A619FFB0042C314 /* TimeFlowsApp.swift in Sources */ = {isa = PBXBuildFile; fileRef = BB073D362A619FFB0042C314 /* TimeFlowsApp.swift */; };
		BB073D392A619FFB0042C314 /* MainView.swift in Sources */ = {isa = PBXBuildFile; fileRef = BB073D382A619FFB0042C314 /* MainView.swift */; };
		BB073D3B2A619FFB0042C314 /* Assets.xcassets in Resources */ = {isa = PBXBuildFile; fileRef = BB073D3A2A619FFB0042C314 /* Assets.xcassets */; };
		BB073D3F2A619FFB0042C314 /* Preview Assets.xcassets in Resources */ = {isa = PBXBuildFile; fileRef = BB073D3E2A619FFB0042C314 /* Preview Assets.xcassets */; };
		BB073D632A61A0510042C314 /* TimeFlow.swift in Sources */ = {isa = PBXBuildFile; fileRef = BB073D622A61A0510042C314 /* TimeFlow.swift */; };
		BB073D652A61A07A0042C314 /* TimeItem.swift in Sources */ = {isa = PBXBuildFile; fileRef = BB073D642A61A07A0042C314 /* TimeItem.swift */; };
		BB073D682A61A13D0042C314 /* TimeFlowService.swift in Sources */ = {isa = PBXBuildFile; fileRef = BB073D672A61A13D0042C314 /* TimeFlowService.swift */; };
		BB073D6C2A61A60F0042C314 /* TimeFlowView.swift in Sources */ = {isa = PBXBuildFile; fileRef = BB073D6B2A61A60F0042C314 /* TimeFlowView.swift */; };
		BB073D6E2A61A81C0042C314 /* TimeFlowActionView.swift in Sources */ = {isa = PBXBuildFile; fileRef = BB073D6D2A61A81C0042C314 /* TimeFlowActionView.swift */; };
		BB847E232A798FE2002A9994 /* CSVData in Frameworks */ = {isa = PBXBuildFile; productRef = BB847E222A798FE2002A9994 /* CSVData */; };
		BB847E252A799749002A9994 /* TimeFlow+Transferable.swift in Sources */ = {isa = PBXBuildFile; fileRef = BB847E242A799749002A9994 /* TimeFlow+Transferable.swift */; };
		BB9655912A9CCE3C003596FF /* MainView+ViewModel.swift in Sources */ = {isa = PBXBuildFile; fileRef = BB9655902A9CCE3C003596FF /* MainView+ViewModel.swift */; };
		BB96559D2A9CD2C1003596FF /* MainViewViewModelTests.swift in Sources */ = {isa = PBXBuildFile; fileRef = BB96559C2A9CD2C0003596FF /* MainViewViewModelTests.swift */; };
		BB9655A42A9CD6FD003596FF /* TimeFlowTests.swift in Sources */ = {isa = PBXBuildFile; fileRef = BB9655A32A9CD6FD003596FF /* TimeFlowTests.swift */; };
		BB9655A82A9CD8F5003596FF /* TimeFlowServiceTests.swift in Sources */ = {isa = PBXBuildFile; fileRef = BB9655A72A9CD8F5003596FF /* TimeFlowServiceTests.swift */; };
		BB9655AB2A9CDD9D003596FF /* TimeFlowActionView+ViewModel.swift in Sources */ = {isa = PBXBuildFile; fileRef = BB9655A92A9CDD80003596FF /* TimeFlowActionView+ViewModel.swift */; };
		BB9655AD2A9CEDE4003596FF /* TimeFlowActionViewViewModelTests.swift in Sources */ = {isa = PBXBuildFile; fileRef = BB9655AC2A9CEDE4003596FF /* TimeFlowActionViewViewModelTests.swift */; };
		BBC083A52A7E3BB9009990F4 /* EditItemView.swift in Sources */ = {isa = PBXBuildFile; fileRef = BBC083A42A7E3BB9009990F4 /* EditItemView.swift */; };
		BBE8E3A72A98EDE800F0D516 /* SimpleTimeFlowsUITests.swift in Sources */ = {isa = PBXBuildFile; fileRef = BBE8E3A62A98EDE800F0D516 /* SimpleTimeFlowsUITests.swift */; };
/* End PBXBuildFile section */

/* Begin PBXContainerItemProxy section */
		BB96559E2A9CD2C1003596FF /* PBXContainerItemProxy */ = {
			isa = PBXContainerItemProxy;
			containerPortal = BB073D2B2A619FFB0042C314 /* Project object */;
			proxyType = 1;
			remoteGlobalIDString = BB073D322A619FFB0042C314;
			remoteInfo = SimpleTimeFlows;
		};
		BBE8E3AA2A98EDE800F0D516 /* PBXContainerItemProxy */ = {
			isa = PBXContainerItemProxy;
			containerPortal = BB073D2B2A619FFB0042C314 /* Project object */;
			proxyType = 1;
			remoteGlobalIDString = BB073D322A619FFB0042C314;
			remoteInfo = SimpleTimeFlows;
		};
/* End PBXContainerItemProxy section */

/* Begin PBXFileReference section */
		BB073D332A619FFB0042C314 /* SimpleTimeFlows.app */ = {isa = PBXFileReference; explicitFileType = wrapper.application; includeInIndex = 0; path = SimpleTimeFlows.app; sourceTree = BUILT_PRODUCTS_DIR; };
		BB073D362A619FFB0042C314 /* TimeFlowsApp.swift */ = {isa = PBXFileReference; lastKnownFileType = sourcecode.swift; path = TimeFlowsApp.swift; sourceTree = "<group>"; };
		BB073D382A619FFB0042C314 /* MainView.swift */ = {isa = PBXFileReference; lastKnownFileType = sourcecode.swift; path = MainView.swift; sourceTree = "<group>"; };
		BB073D3A2A619FFB0042C314 /* Assets.xcassets */ = {isa = PBXFileReference; lastKnownFileType = folder.assetcatalog; path = Assets.xcassets; sourceTree = "<group>"; };
		BB073D3C2A619FFB0042C314 /* TimeFlows.entitlements */ = {isa = PBXFileReference; lastKnownFileType = text.plist.entitlements; path = TimeFlows.entitlements; sourceTree = "<group>"; };
		BB073D3E2A619FFB0042C314 /* Preview Assets.xcassets */ = {isa = PBXFileReference; lastKnownFileType = folder.assetcatalog; path = "Preview Assets.xcassets"; sourceTree = "<group>"; };
		BB073D622A61A0510042C314 /* TimeFlow.swift */ = {isa = PBXFileReference; lastKnownFileType = sourcecode.swift; path = TimeFlow.swift; sourceTree = "<group>"; };
		BB073D642A61A07A0042C314 /* TimeItem.swift */ = {isa = PBXFileReference; lastKnownFileType = sourcecode.swift; path = TimeItem.swift; sourceTree = "<group>"; };
		BB073D672A61A13D0042C314 /* TimeFlowService.swift */ = {isa = PBXFileReference; lastKnownFileType = sourcecode.swift; path = TimeFlowService.swift; sourceTree = "<group>"; };
		BB073D6B2A61A60F0042C314 /* TimeFlowView.swift */ = {isa = PBXFileReference; lastKnownFileType = sourcecode.swift; path = TimeFlowView.swift; sourceTree = "<group>"; };
		BB073D6D2A61A81C0042C314 /* TimeFlowActionView.swift */ = {isa = PBXFileReference; lastKnownFileType = sourcecode.swift; path = TimeFlowActionView.swift; sourceTree = "<group>"; };
		BB847E242A799749002A9994 /* TimeFlow+Transferable.swift */ = {isa = PBXFileReference; lastKnownFileType = sourcecode.swift; path = "TimeFlow+Transferable.swift"; sourceTree = "<group>"; };
		BB9655902A9CCE3C003596FF /* MainView+ViewModel.swift */ = {isa = PBXFileReference; lastKnownFileType = sourcecode.swift; path = "MainView+ViewModel.swift"; sourceTree = "<group>"; };
		BB96559A2A9CD2C0003596FF /* SimpleTimeFlowsTests.xctest */ = {isa = PBXFileReference; explicitFileType = wrapper.cfbundle; includeInIndex = 0; path = SimpleTimeFlowsTests.xctest; sourceTree = BUILT_PRODUCTS_DIR; };
		BB96559C2A9CD2C0003596FF /* MainViewViewModelTests.swift */ = {isa = PBXFileReference; lastKnownFileType = sourcecode.swift; path = MainViewViewModelTests.swift; sourceTree = "<group>"; };
		BB9655A32A9CD6FD003596FF /* TimeFlowTests.swift */ = {isa = PBXFileReference; lastKnownFileType = sourcecode.swift; path = TimeFlowTests.swift; sourceTree = "<group>"; };
		BB9655A72A9CD8F5003596FF /* TimeFlowServiceTests.swift */ = {isa = PBXFileReference; lastKnownFileType = sourcecode.swift; path = TimeFlowServiceTests.swift; sourceTree = "<group>"; };
		BB9655A92A9CDD80003596FF /* TimeFlowActionView+ViewModel.swift */ = {isa = PBXFileReference; lastKnownFileType = sourcecode.swift; path = "TimeFlowActionView+ViewModel.swift"; sourceTree = "<group>"; };
		BB9655AC2A9CEDE4003596FF /* TimeFlowActionViewViewModelTests.swift */ = {isa = PBXFileReference; lastKnownFileType = sourcecode.swift; path = TimeFlowActionViewViewModelTests.swift; sourceTree = "<group>"; };
		BBC083A42A7E3BB9009990F4 /* EditItemView.swift */ = {isa = PBXFileReference; lastKnownFileType = sourcecode.swift; path = EditItemView.swift; sourceTree = "<group>"; };
		BBE8E3A42A98EDE800F0D516 /* SimpleTimeFlowsUITests.xctest */ = {isa = PBXFileReference; explicitFileType = wrapper.cfbundle; includeInIndex = 0; path = SimpleTimeFlowsUITests.xctest; sourceTree = BUILT_PRODUCTS_DIR; };
		BBE8E3A62A98EDE800F0D516 /* SimpleTimeFlowsUITests.swift */ = {isa = PBXFileReference; lastKnownFileType = sourcecode.swift; path = SimpleTimeFlowsUITests.swift; sourceTree = "<group>"; };
		BBE8E3B02A98EF2900F0D516 /* SimpleTimeFlows.xctestplan */ = {isa = PBXFileReference; lastKnownFileType = text; path = SimpleTimeFlows.xctestplan; sourceTree = SOURCE_ROOT; };
/* End PBXFileReference section */

/* Begin PBXFrameworksBuildPhase section */
		BB073D302A619FFB0042C314 /* Frameworks */ = {
			isa = PBXFrameworksBuildPhase;
			buildActionMask = 2147483647;
			files = (
				BB847E232A798FE2002A9994 /* CSVData in Frameworks */,
			);
			runOnlyForDeploymentPostprocessing = 0;
		};
		BB9655972A9CD2C0003596FF /* Frameworks */ = {
			isa = PBXFrameworksBuildPhase;
			buildActionMask = 2147483647;
			files = (
			);
			runOnlyForDeploymentPostprocessing = 0;
		};
		BBE8E3A12A98EDE800F0D516 /* Frameworks */ = {
			isa = PBXFrameworksBuildPhase;
			buildActionMask = 2147483647;
			files = (
			);
			runOnlyForDeploymentPostprocessing = 0;
		};
/* End PBXFrameworksBuildPhase section */

/* Begin PBXGroup section */
		BB073D2A2A619FFB0042C314 = {
			isa = PBXGroup;
			children = (
				BB073D352A619FFB0042C314 /* TimeFlows */,
				BBE8E3A52A98EDE800F0D516 /* SimpleTimeFlowsUITests */,
				BB96559B2A9CD2C0003596FF /* SimpleTimeFlowsTests */,
				BB073D342A619FFB0042C314 /* Products */,
				BBC624BA2A8FC3740096AA2B /* Frameworks */,
			);
			sourceTree = "<group>";
		};
		BB073D342A619FFB0042C314 /* Products */ = {
			isa = PBXGroup;
			children = (
				BB073D332A619FFB0042C314 /* SimpleTimeFlows.app */,
				BBE8E3A42A98EDE800F0D516 /* SimpleTimeFlowsUITests.xctest */,
				BB96559A2A9CD2C0003596FF /* SimpleTimeFlowsTests.xctest */,
			);
			name = Products;
			sourceTree = "<group>";
		};
		BB073D352A619FFB0042C314 /* TimeFlows */ = {
			isa = PBXGroup;
			children = (
				BB073D692A61A1810042C314 /* Core */,
				BB073D612A61A0390042C314 /* Model */,
				BB073D662A61A1300042C314 /* Service */,
				BB073D6A2A61A1920042C314 /* View */,
				BB073D3D2A619FFB0042C314 /* Preview Content */,
			);
			path = TimeFlows;
			sourceTree = "<group>";
		};
		BB073D3D2A619FFB0042C314 /* Preview Content */ = {
			isa = PBXGroup;
			children = (
				BB073D3E2A619FFB0042C314 /* Preview Assets.xcassets */,
			);
			path = "Preview Content";
			sourceTree = "<group>";
		};
		BB073D612A61A0390042C314 /* Model */ = {
			isa = PBXGroup;
			children = (
				BB073D622A61A0510042C314 /* TimeFlow.swift */,
				BB847E242A799749002A9994 /* TimeFlow+Transferable.swift */,
				BB073D642A61A07A0042C314 /* TimeItem.swift */,
			);
			path = Model;
			sourceTree = "<group>";
		};
		BB073D662A61A1300042C314 /* Service */ = {
			isa = PBXGroup;
			children = (
				BB073D672A61A13D0042C314 /* TimeFlowService.swift */,
			);
			path = Service;
			sourceTree = "<group>";
		};
		BB073D692A61A1810042C314 /* Core */ = {
			isa = PBXGroup;
			children = (
				BB073D3A2A619FFB0042C314 /* Assets.xcassets */,
				BB073D3C2A619FFB0042C314 /* TimeFlows.entitlements */,
				BB073D362A619FFB0042C314 /* TimeFlowsApp.swift */,
			);
			path = Core;
			sourceTree = "<group>";
		};
		BB073D6A2A61A1920042C314 /* View */ = {
			isa = PBXGroup;
			children = (
				BB96558F2A9CCE2D003596FF /* MainView */,
				BB9655922A9CD135003596FF /* TimeFlow */,
				BB9655932A9CD14D003596FF /* TimeItem */,
			);
			path = View;
			sourceTree = "<group>";
		};
		BB96558F2A9CCE2D003596FF /* MainView */ = {
			isa = PBXGroup;
			children = (
				BB073D382A619FFB0042C314 /* MainView.swift */,
				BB9655902A9CCE3C003596FF /* MainView+ViewModel.swift */,
			);
			path = MainView;
			sourceTree = "<group>";
		};
		BB9655922A9CD135003596FF /* TimeFlow */ = {
			isa = PBXGroup;
			children = (
				BB073D6B2A61A60F0042C314 /* TimeFlowView.swift */,
				BB073D6D2A61A81C0042C314 /* TimeFlowActionView.swift */,
				BB9655A92A9CDD80003596FF /* TimeFlowActionView+ViewModel.swift */,
			);
			path = TimeFlow;
			sourceTree = "<group>";
		};
		BB9655932A9CD14D003596FF /* TimeItem */ = {
			isa = PBXGroup;
			children = (
				BBC083A42A7E3BB9009990F4 /* EditItemView.swift */,
			);
			path = TimeItem;
			sourceTree = "<group>";
		};
		BB96559B2A9CD2C0003596FF /* SimpleTimeFlowsTests */ = {
			isa = PBXGroup;
			children = (
				BB9655A52A9CD8B9003596FF /* Model */,
				BB9655A62A9CD8C2003596FF /* ViewModel */,
			);
			path = SimpleTimeFlowsTests;
			sourceTree = "<group>";
		};
		BB9655A52A9CD8B9003596FF /* Model */ = {
			isa = PBXGroup;
			children = (
				BB9655A72A9CD8F5003596FF /* TimeFlowServiceTests.swift */,
				BB9655A32A9CD6FD003596FF /* TimeFlowTests.swift */,
			);
			path = Model;
			sourceTree = "<group>";
		};
		BB9655A62A9CD8C2003596FF /* ViewModel */ = {
			isa = PBXGroup;
			children = (
				BB96559C2A9CD2C0003596FF /* MainViewViewModelTests.swift */,
				BB9655AC2A9CEDE4003596FF /* TimeFlowActionViewViewModelTests.swift */,
			);
			path = ViewModel;
			sourceTree = "<group>";
		};
		BBC624BA2A8FC3740096AA2B /* Frameworks */ = {
			isa = PBXGroup;
			children = (
			);
			name = Frameworks;
			sourceTree = "<group>";
		};
		BBE8E3A52A98EDE800F0D516 /* SimpleTimeFlowsUITests */ = {
			isa = PBXGroup;
			children = (
				BBE8E3A62A98EDE800F0D516 /* SimpleTimeFlowsUITests.swift */,
				BBE8E3B02A98EF2900F0D516 /* SimpleTimeFlows.xctestplan */,
			);
			path = SimpleTimeFlowsUITests;
			sourceTree = "<group>";
		};
/* End PBXGroup section */

/* Begin PBXNativeTarget section */
		BB073D322A619FFB0042C314 /* SimpleTimeFlows */ = {
			isa = PBXNativeTarget;
			buildConfigurationList = BB073D582A619FFC0042C314 /* Build configuration list for PBXNativeTarget "SimpleTimeFlows" */;
			buildPhases = (
				BB073D2F2A619FFB0042C314 /* Sources */,
				BB073D302A619FFB0042C314 /* Frameworks */,
				BB073D312A619FFB0042C314 /* Resources */,
			);
			buildRules = (
			);
			dependencies = (
			);
			name = SimpleTimeFlows;
			packageProductDependencies = (
				BB847E222A798FE2002A9994 /* CSVData */,
			);
			productName = TimeFlows;
			productReference = BB073D332A619FFB0042C314 /* SimpleTimeFlows.app */;
			productType = "com.apple.product-type.application";
		};
		BB9655992A9CD2C0003596FF /* SimpleTimeFlowsTests */ = {
			isa = PBXNativeTarget;
			buildConfigurationList = BB9655A02A9CD2C1003596FF /* Build configuration list for PBXNativeTarget "SimpleTimeFlowsTests" */;
			buildPhases = (
				BB9655962A9CD2C0003596FF /* Sources */,
				BB9655972A9CD2C0003596FF /* Frameworks */,
				BB9655982A9CD2C0003596FF /* Resources */,
			);
			buildRules = (
			);
			dependencies = (
				BB96559F2A9CD2C1003596FF /* PBXTargetDependency */,
			);
			name = SimpleTimeFlowsTests;
			productName = SimpleTimeFlowsTests;
			productReference = BB96559A2A9CD2C0003596FF /* SimpleTimeFlowsTests.xctest */;
			productType = "com.apple.product-type.bundle.unit-test";
		};
		BBE8E3A32A98EDE800F0D516 /* SimpleTimeFlowsUITests */ = {
			isa = PBXNativeTarget;
			buildConfigurationList = BBE8E3AC2A98EDE800F0D516 /* Build configuration list for PBXNativeTarget "SimpleTimeFlowsUITests" */;
			buildPhases = (
				BBE8E3A02A98EDE800F0D516 /* Sources */,
				BBE8E3A12A98EDE800F0D516 /* Frameworks */,
				BBE8E3A22A98EDE800F0D516 /* Resources */,
			);
			buildRules = (
			);
			dependencies = (
				BBE8E3AB2A98EDE800F0D516 /* PBXTargetDependency */,
			);
			name = SimpleTimeFlowsUITests;
			productName = SimpleTimeFlowsUITests;
			productReference = BBE8E3A42A98EDE800F0D516 /* SimpleTimeFlowsUITests.xctest */;
			productType = "com.apple.product-type.bundle.ui-testing";
		};
/* End PBXNativeTarget section */

/* Begin PBXProject section */
		BB073D2B2A619FFB0042C314 /* Project object */ = {
			isa = PBXProject;
			attributes = {
				BuildIndependentTargetsInParallel = 1;
				LastSwiftUpdateCheck = 1430;
				LastUpgradeCheck = 1430;
				TargetAttributes = {
					BB073D322A619FFB0042C314 = {
						CreatedOnToolsVersion = 14.3;
					};
					BB9655992A9CD2C0003596FF = {
						CreatedOnToolsVersion = 14.3;
						TestTargetID = BB073D322A619FFB0042C314;
					};
					BBE8E3A32A98EDE800F0D516 = {
						CreatedOnToolsVersion = 14.3;
						TestTargetID = BB073D322A619FFB0042C314;
					};
				};
			};
			buildConfigurationList = BB073D2E2A619FFB0042C314 /* Build configuration list for PBXProject "TimeFlows" */;
			compatibilityVersion = "Xcode 14.0";
			developmentRegion = en;
			hasScannedForEncodings = 0;
			knownRegions = (
				en,
				Base,
			);
			mainGroup = BB073D2A2A619FFB0042C314;
			packageReferences = (
				BB847E212A798FE2002A9994 /* XCRemoteSwiftPackageReference "CSVData" */,
				BBC624B72A8FC3480096AA2B /* XCRemoteSwiftPackageReference "ViewInspector" */,
			);
			productRefGroup = BB073D342A619FFB0042C314 /* Products */;
			projectDirPath = "";
			projectRoot = "";
			targets = (
				BB073D322A619FFB0042C314 /* SimpleTimeFlows */,
				BBE8E3A32A98EDE800F0D516 /* SimpleTimeFlowsUITests */,
				BB9655992A9CD2C0003596FF /* SimpleTimeFlowsTests */,
			);
		};
/* End PBXProject section */

/* Begin PBXResourcesBuildPhase section */
		BB073D312A619FFB0042C314 /* Resources */ = {
			isa = PBXResourcesBuildPhase;
			buildActionMask = 2147483647;
			files = (
				BB073D3F2A619FFB0042C314 /* Preview Assets.xcassets in Resources */,
				BB073D3B2A619FFB0042C314 /* Assets.xcassets in Resources */,
			);
			runOnlyForDeploymentPostprocessing = 0;
		};
		BB9655982A9CD2C0003596FF /* Resources */ = {
			isa = PBXResourcesBuildPhase;
			buildActionMask = 2147483647;
			files = (
			);
			runOnlyForDeploymentPostprocessing = 0;
		};
		BBE8E3A22A98EDE800F0D516 /* Resources */ = {
			isa = PBXResourcesBuildPhase;
			buildActionMask = 2147483647;
			files = (
			);
			runOnlyForDeploymentPostprocessing = 0;
		};
/* End PBXResourcesBuildPhase section */

/* Begin PBXSourcesBuildPhase section */
		BB073D2F2A619FFB0042C314 /* Sources */ = {
			isa = PBXSourcesBuildPhase;
			buildActionMask = 2147483647;
			files = (
				BB073D392A619FFB0042C314 /* MainView.swift in Sources */,
				BB073D372A619FFB0042C314 /* TimeFlowsApp.swift in Sources */,
				BB9655AB2A9CDD9D003596FF /* TimeFlowActionView+ViewModel.swift in Sources */,
				BB9655912A9CCE3C003596FF /* MainView+ViewModel.swift in Sources */,
				BB073D632A61A0510042C314 /* TimeFlow.swift in Sources */,
				BB073D6C2A61A60F0042C314 /* TimeFlowView.swift in Sources */,
				BB847E252A799749002A9994 /* TimeFlow+Transferable.swift in Sources */,
				BB073D652A61A07A0042C314 /* TimeItem.swift in Sources */,
				BB073D682A61A13D0042C314 /* TimeFlowService.swift in Sources */,
				BB073D6E2A61A81C0042C314 /* TimeFlowActionView.swift in Sources */,
				BBC083A52A7E3BB9009990F4 /* EditItemView.swift in Sources */,
			);
			runOnlyForDeploymentPostprocessing = 0;
		};
		BB9655962A9CD2C0003596FF /* Sources */ = {
			isa = PBXSourcesBuildPhase;
			buildActionMask = 2147483647;
			files = (
				BB9655AD2A9CEDE4003596FF /* TimeFlowActionViewViewModelTests.swift in Sources */,
				BB9655A42A9CD6FD003596FF /* TimeFlowTests.swift in Sources */,
				BB9655A82A9CD8F5003596FF /* TimeFlowServiceTests.swift in Sources */,
				BB96559D2A9CD2C1003596FF /* MainViewViewModelTests.swift in Sources */,
			);
			runOnlyForDeploymentPostprocessing = 0;
		};
		BBE8E3A02A98EDE800F0D516 /* Sources */ = {
			isa = PBXSourcesBuildPhase;
			buildActionMask = 2147483647;
			files = (
				BBE8E3A72A98EDE800F0D516 /* SimpleTimeFlowsUITests.swift in Sources */,
			);
			runOnlyForDeploymentPostprocessing = 0;
		};
/* End PBXSourcesBuildPhase section */

/* Begin PBXTargetDependency section */
		BB96559F2A9CD2C1003596FF /* PBXTargetDependency */ = {
			isa = PBXTargetDependency;
			target = BB073D322A619FFB0042C314 /* SimpleTimeFlows */;
			targetProxy = BB96559E2A9CD2C1003596FF /* PBXContainerItemProxy */;
		};
		BBE8E3AB2A98EDE800F0D516 /* PBXTargetDependency */ = {
			isa = PBXTargetDependency;
			target = BB073D322A619FFB0042C314 /* SimpleTimeFlows */;
			targetProxy = BBE8E3AA2A98EDE800F0D516 /* PBXContainerItemProxy */;
		};
/* End PBXTargetDependency section */

/* Begin XCBuildConfiguration section */
		BB073D562A619FFC0042C314 /* Debug */ = {
			isa = XCBuildConfiguration;
			buildSettings = {
				ALWAYS_SEARCH_USER_PATHS = NO;
				CLANG_ANALYZER_NONNULL = YES;
				CLANG_ANALYZER_NUMBER_OBJECT_CONVERSION = YES_AGGRESSIVE;
				CLANG_CXX_LANGUAGE_STANDARD = "gnu++20";
				CLANG_ENABLE_MODULES = YES;
				CLANG_ENABLE_OBJC_ARC = YES;
				CLANG_ENABLE_OBJC_WEAK = YES;
				CLANG_WARN_BLOCK_CAPTURE_AUTORELEASING = YES;
				CLANG_WARN_BOOL_CONVERSION = YES;
				CLANG_WARN_COMMA = YES;
				CLANG_WARN_CONSTANT_CONVERSION = YES;
				CLANG_WARN_DEPRECATED_OBJC_IMPLEMENTATIONS = YES;
				CLANG_WARN_DIRECT_OBJC_ISA_USAGE = YES_ERROR;
				CLANG_WARN_DOCUMENTATION_COMMENTS = YES;
				CLANG_WARN_EMPTY_BODY = YES;
				CLANG_WARN_ENUM_CONVERSION = YES;
				CLANG_WARN_INFINITE_RECURSION = YES;
				CLANG_WARN_INT_CONVERSION = YES;
				CLANG_WARN_NON_LITERAL_NULL_CONVERSION = YES;
				CLANG_WARN_OBJC_IMPLICIT_RETAIN_SELF = YES;
				CLANG_WARN_OBJC_LITERAL_CONVERSION = YES;
				CLANG_WARN_OBJC_ROOT_CLASS = YES_ERROR;
				CLANG_WARN_QUOTED_INCLUDE_IN_FRAMEWORK_HEADER = YES;
				CLANG_WARN_RANGE_LOOP_ANALYSIS = YES;
				CLANG_WARN_STRICT_PROTOTYPES = YES;
				CLANG_WARN_SUSPICIOUS_MOVE = YES;
				CLANG_WARN_UNGUARDED_AVAILABILITY = YES_AGGRESSIVE;
				CLANG_WARN_UNREACHABLE_CODE = YES;
				CLANG_WARN__DUPLICATE_METHOD_MATCH = YES;
				COPY_PHASE_STRIP = NO;
				DEBUG_INFORMATION_FORMAT = dwarf;
				ENABLE_STRICT_OBJC_MSGSEND = YES;
				ENABLE_TESTABILITY = YES;
				GCC_C_LANGUAGE_STANDARD = gnu11;
				GCC_DYNAMIC_NO_PIC = NO;
				GCC_NO_COMMON_BLOCKS = YES;
				GCC_OPTIMIZATION_LEVEL = 0;
				GCC_PREPROCESSOR_DEFINITIONS = (
					"DEBUG=1",
					"$(inherited)",
				);
				GCC_WARN_64_TO_32_BIT_CONVERSION = YES;
				GCC_WARN_ABOUT_RETURN_TYPE = YES_ERROR;
				GCC_WARN_UNDECLARED_SELECTOR = YES;
				GCC_WARN_UNINITIALIZED_AUTOS = YES_AGGRESSIVE;
				GCC_WARN_UNUSED_FUNCTION = YES;
				GCC_WARN_UNUSED_VARIABLE = YES;
				MTL_ENABLE_DEBUG_INFO = INCLUDE_SOURCE;
				MTL_FAST_MATH = YES;
				ONLY_ACTIVE_ARCH = YES;
				SWIFT_ACTIVE_COMPILATION_CONDITIONS = DEBUG;
				SWIFT_OPTIMIZATION_LEVEL = "-Onone";
			};
			name = Debug;
		};
		BB073D572A619FFC0042C314 /* Release */ = {
			isa = XCBuildConfiguration;
			buildSettings = {
				ALWAYS_SEARCH_USER_PATHS = NO;
				CLANG_ANALYZER_NONNULL = YES;
				CLANG_ANALYZER_NUMBER_OBJECT_CONVERSION = YES_AGGRESSIVE;
				CLANG_CXX_LANGUAGE_STANDARD = "gnu++20";
				CLANG_ENABLE_MODULES = YES;
				CLANG_ENABLE_OBJC_ARC = YES;
				CLANG_ENABLE_OBJC_WEAK = YES;
				CLANG_WARN_BLOCK_CAPTURE_AUTORELEASING = YES;
				CLANG_WARN_BOOL_CONVERSION = YES;
				CLANG_WARN_COMMA = YES;
				CLANG_WARN_CONSTANT_CONVERSION = YES;
				CLANG_WARN_DEPRECATED_OBJC_IMPLEMENTATIONS = YES;
				CLANG_WARN_DIRECT_OBJC_ISA_USAGE = YES_ERROR;
				CLANG_WARN_DOCUMENTATION_COMMENTS = YES;
				CLANG_WARN_EMPTY_BODY = YES;
				CLANG_WARN_ENUM_CONVERSION = YES;
				CLANG_WARN_INFINITE_RECURSION = YES;
				CLANG_WARN_INT_CONVERSION = YES;
				CLANG_WARN_NON_LITERAL_NULL_CONVERSION = YES;
				CLANG_WARN_OBJC_IMPLICIT_RETAIN_SELF = YES;
				CLANG_WARN_OBJC_LITERAL_CONVERSION = YES;
				CLANG_WARN_OBJC_ROOT_CLASS = YES_ERROR;
				CLANG_WARN_QUOTED_INCLUDE_IN_FRAMEWORK_HEADER = YES;
				CLANG_WARN_RANGE_LOOP_ANALYSIS = YES;
				CLANG_WARN_STRICT_PROTOTYPES = YES;
				CLANG_WARN_SUSPICIOUS_MOVE = YES;
				CLANG_WARN_UNGUARDED_AVAILABILITY = YES_AGGRESSIVE;
				CLANG_WARN_UNREACHABLE_CODE = YES;
				CLANG_WARN__DUPLICATE_METHOD_MATCH = YES;
				COPY_PHASE_STRIP = NO;
				DEBUG_INFORMATION_FORMAT = "dwarf-with-dsym";
				ENABLE_NS_ASSERTIONS = NO;
				ENABLE_STRICT_OBJC_MSGSEND = YES;
				GCC_C_LANGUAGE_STANDARD = gnu11;
				GCC_NO_COMMON_BLOCKS = YES;
				GCC_WARN_64_TO_32_BIT_CONVERSION = YES;
				GCC_WARN_ABOUT_RETURN_TYPE = YES_ERROR;
				GCC_WARN_UNDECLARED_SELECTOR = YES;
				GCC_WARN_UNINITIALIZED_AUTOS = YES_AGGRESSIVE;
				GCC_WARN_UNUSED_FUNCTION = YES;
				GCC_WARN_UNUSED_VARIABLE = YES;
				MTL_ENABLE_DEBUG_INFO = NO;
				MTL_FAST_MATH = YES;
				SWIFT_COMPILATION_MODE = wholemodule;
				SWIFT_OPTIMIZATION_LEVEL = "-O";
			};
			name = Release;
		};
		BB073D592A619FFC0042C314 /* Debug */ = {
			isa = XCBuildConfiguration;
			buildSettings = {
				ASSETCATALOG_COMPILER_APPICON_NAME = AppIcon;
				ASSETCATALOG_COMPILER_GLOBAL_ACCENT_COLOR_NAME = AccentColor;
				CODE_SIGN_ENTITLEMENTS = TimeFlows/Core/TimeFlows.entitlements;
				CODE_SIGN_STYLE = Automatic;
				CURRENT_PROJECT_VERSION = 1;
				DEVELOPMENT_ASSET_PATHS = "\"TimeFlows/Preview Content\"";
				DEVELOPMENT_TEAM = CR6FRMMTU7;
				ENABLE_HARDENED_RUNTIME = YES;
				ENABLE_PREVIEWS = YES;
				GENERATE_INFOPLIST_FILE = YES;
				INFOPLIST_KEY_CFBundleDisplayName = TimeFlows;
				"INFOPLIST_KEY_UIApplicationSceneManifest_Generation[sdk=iphoneos*]" = YES;
				"INFOPLIST_KEY_UIApplicationSceneManifest_Generation[sdk=iphonesimulator*]" = YES;
				"INFOPLIST_KEY_UIApplicationSupportsIndirectInputEvents[sdk=iphoneos*]" = YES;
				"INFOPLIST_KEY_UIApplicationSupportsIndirectInputEvents[sdk=iphonesimulator*]" = YES;
				"INFOPLIST_KEY_UILaunchScreen_Generation[sdk=iphoneos*]" = YES;
				"INFOPLIST_KEY_UILaunchScreen_Generation[sdk=iphonesimulator*]" = YES;
				"INFOPLIST_KEY_UIStatusBarStyle[sdk=iphoneos*]" = UIStatusBarStyleDefault;
				"INFOPLIST_KEY_UIStatusBarStyle[sdk=iphonesimulator*]" = UIStatusBarStyleDefault;
				INFOPLIST_KEY_UISupportedInterfaceOrientations_iPad = "UIInterfaceOrientationPortrait UIInterfaceOrientationPortraitUpsideDown UIInterfaceOrientationLandscapeLeft UIInterfaceOrientationLandscapeRight";
				INFOPLIST_KEY_UISupportedInterfaceOrientations_iPhone = "UIInterfaceOrientationPortrait UIInterfaceOrientationLandscapeLeft UIInterfaceOrientationLandscapeRight";
				IPHONEOS_DEPLOYMENT_TARGET = 16.0;
				LD_RUNPATH_SEARCH_PATHS = "@executable_path/Frameworks";
				"LD_RUNPATH_SEARCH_PATHS[sdk=macosx*]" = "@executable_path/../Frameworks";
				MACOSX_DEPLOYMENT_TARGET = 13.3;
				MARKETING_VERSION = 1.0;
				PRODUCT_BUNDLE_IDENTIFIER = de.brehm.oliver.SimpleTimeFlows;
				PRODUCT_NAME = "$(TARGET_NAME)";
				SDKROOT = auto;
				SUPPORTED_PLATFORMS = "iphoneos iphonesimulator";
				SUPPORTS_MACCATALYST = NO;
				SUPPORTS_MAC_DESIGNED_FOR_IPHONE_IPAD = NO;
				SWIFT_EMIT_LOC_STRINGS = YES;
				SWIFT_VERSION = 5.0;
				TARGETED_DEVICE_FAMILY = "1,2";
			};
			name = Debug;
		};
		BB073D5A2A619FFC0042C314 /* Release */ = {
			isa = XCBuildConfiguration;
			buildSettings = {
				ASSETCATALOG_COMPILER_APPICON_NAME = AppIcon;
				ASSETCATALOG_COMPILER_GLOBAL_ACCENT_COLOR_NAME = AccentColor;
				CODE_SIGN_ENTITLEMENTS = TimeFlows/Core/TimeFlows.entitlements;
				CODE_SIGN_STYLE = Automatic;
				CURRENT_PROJECT_VERSION = 1;
				DEVELOPMENT_ASSET_PATHS = "\"TimeFlows/Preview Content\"";
				DEVELOPMENT_TEAM = CR6FRMMTU7;
				ENABLE_HARDENED_RUNTIME = YES;
				ENABLE_PREVIEWS = YES;
				GENERATE_INFOPLIST_FILE = YES;
				INFOPLIST_KEY_CFBundleDisplayName = TimeFlows;
				"INFOPLIST_KEY_UIApplicationSceneManifest_Generation[sdk=iphoneos*]" = YES;
				"INFOPLIST_KEY_UIApplicationSceneManifest_Generation[sdk=iphonesimulator*]" = YES;
				"INFOPLIST_KEY_UIApplicationSupportsIndirectInputEvents[sdk=iphoneos*]" = YES;
				"INFOPLIST_KEY_UIApplicationSupportsIndirectInputEvents[sdk=iphonesimulator*]" = YES;
				"INFOPLIST_KEY_UILaunchScreen_Generation[sdk=iphoneos*]" = YES;
				"INFOPLIST_KEY_UILaunchScreen_Generation[sdk=iphonesimulator*]" = YES;
				"INFOPLIST_KEY_UIStatusBarStyle[sdk=iphoneos*]" = UIStatusBarStyleDefault;
				"INFOPLIST_KEY_UIStatusBarStyle[sdk=iphonesimulator*]" = UIStatusBarStyleDefault;
				INFOPLIST_KEY_UISupportedInterfaceOrientations_iPad = "UIInterfaceOrientationPortrait UIInterfaceOrientationPortraitUpsideDown UIInterfaceOrientationLandscapeLeft UIInterfaceOrientationLandscapeRight";
				INFOPLIST_KEY_UISupportedInterfaceOrientations_iPhone = "UIInterfaceOrientationPortrait UIInterfaceOrientationLandscapeLeft UIInterfaceOrientationLandscapeRight";
				IPHONEOS_DEPLOYMENT_TARGET = 16.0;
				LD_RUNPATH_SEARCH_PATHS = "@executable_path/Frameworks";
				"LD_RUNPATH_SEARCH_PATHS[sdk=macosx*]" = "@executable_path/../Frameworks";
				MACOSX_DEPLOYMENT_TARGET = 13.3;
				MARKETING_VERSION = 1.0;
				PRODUCT_BUNDLE_IDENTIFIER = de.brehm.oliver.SimpleTimeFlows;
				PRODUCT_NAME = "$(TARGET_NAME)";
				SDKROOT = auto;
				SUPPORTED_PLATFORMS = "iphoneos iphonesimulator";
				SUPPORTS_MACCATALYST = NO;
				SUPPORTS_MAC_DESIGNED_FOR_IPHONE_IPAD = NO;
				SWIFT_EMIT_LOC_STRINGS = YES;
				SWIFT_VERSION = 5.0;
				TARGETED_DEVICE_FAMILY = "1,2";
			};
			name = Release;
		};
		BB9655A12A9CD2C1003596FF /* Debug */ = {
			isa = XCBuildConfiguration;
			buildSettings = {
				BUNDLE_LOADER = "$(TEST_HOST)";
				CODE_SIGN_STYLE = Automatic;
				CURRENT_PROJECT_VERSION = 1;
				DEVELOPMENT_TEAM = CR6FRMMTU7;
				GENERATE_INFOPLIST_FILE = YES;
				IPHONEOS_DEPLOYMENT_TARGET = 16.4;
				MARKETING_VERSION = 1.0;
				PRODUCT_BUNDLE_IDENTIFIER = de.brehm.oliver.SimpleTimeFlowsTests;
				PRODUCT_NAME = "$(TARGET_NAME)";
				SDKROOT = iphoneos;
				SWIFT_EMIT_LOC_STRINGS = NO;
				SWIFT_VERSION = 5.0;
				TARGETED_DEVICE_FAMILY = "1,2";
				TEST_HOST = "$(BUILT_PRODUCTS_DIR)/SimpleTimeFlows.app/$(BUNDLE_EXECUTABLE_FOLDER_PATH)/SimpleTimeFlows";
			};
			name = Debug;
		};
		BB9655A22A9CD2C1003596FF /* Release */ = {
			isa = XCBuildConfiguration;
			buildSettings = {
				BUNDLE_LOADER = "$(TEST_HOST)";
				CODE_SIGN_STYLE = Automatic;
				CURRENT_PROJECT_VERSION = 1;
				DEVELOPMENT_TEAM = CR6FRMMTU7;
				GENERATE_INFOPLIST_FILE = YES;
				IPHONEOS_DEPLOYMENT_TARGET = 16.4;
				MARKETING_VERSION = 1.0;
				PRODUCT_BUNDLE_IDENTIFIER = de.brehm.oliver.SimpleTimeFlowsTests;
				PRODUCT_NAME = "$(TARGET_NAME)";
				SDKROOT = iphoneos;
				SWIFT_EMIT_LOC_STRINGS = NO;
				SWIFT_VERSION = 5.0;
				TARGETED_DEVICE_FAMILY = "1,2";
				TEST_HOST = "$(BUILT_PRODUCTS_DIR)/SimpleTimeFlows.app/$(BUNDLE_EXECUTABLE_FOLDER_PATH)/SimpleTimeFlows";
				VALIDATE_PRODUCT = YES;
			};
			name = Release;
		};
		BBE8E3AD2A98EDE800F0D516 /* Debug */ = {
			isa = XCBuildConfiguration;
			buildSettings = {
				CODE_SIGN_STYLE = Automatic;
				CURRENT_PROJECT_VERSION = 1;
				DEVELOPMENT_TEAM = CR6FRMMTU7;
				GENERATE_INFOPLIST_FILE = YES;
				IPHONEOS_DEPLOYMENT_TARGET = 16.0;
				MARKETING_VERSION = 1.0;
				PRODUCT_BUNDLE_IDENTIFIER = de.brehm.oliver.SimpleTimeFlowsUITests;
				PRODUCT_NAME = "$(TARGET_NAME)";
				SDKROOT = iphoneos;
				SWIFT_EMIT_LOC_STRINGS = NO;
				SWIFT_VERSION = 5.0;
				TARGETED_DEVICE_FAMILY = "1,2";
				TEST_TARGET_NAME = SimpleTimeFlows;
			};
			name = Debug;
		};
		BBE8E3AE2A98EDE800F0D516 /* Release */ = {
			isa = XCBuildConfiguration;
			buildSettings = {
				CODE_SIGN_STYLE = Automatic;
				CURRENT_PROJECT_VERSION = 1;
				DEVELOPMENT_TEAM = CR6FRMMTU7;
				GENERATE_INFOPLIST_FILE = YES;
				IPHONEOS_DEPLOYMENT_TARGET = 16.0;
				MARKETING_VERSION = 1.0;
				PRODUCT_BUNDLE_IDENTIFIER = de.brehm.oliver.SimpleTimeFlowsUITests;
				PRODUCT_NAME = "$(TARGET_NAME)";
				SDKROOT = iphoneos;
				SWIFT_EMIT_LOC_STRINGS = NO;
				SWIFT_VERSION = 5.0;
				TARGETED_DEVICE_FAMILY = "1,2";
				TEST_TARGET_NAME = SimpleTimeFlows;
				VALIDATE_PRODUCT = YES;
			};
			name = Release;
		};
/* End XCBuildConfiguration section */

/* Begin XCConfigurationList section */
		BB073D2E2A619FFB0042C314 /* Build configuration list for PBXProject "TimeFlows" */ = {
			isa = XCConfigurationList;
			buildConfigurations = (
				BB073D562A619FFC0042C314 /* Debug */,
				BB073D572A619FFC0042C314 /* Release */,
			);
			defaultConfigurationIsVisible = 0;
			defaultConfigurationName = Release;
		};
		BB073D582A619FFC0042C314 /* Build configuration list for PBXNativeTarget "SimpleTimeFlows" */ = {
			isa = XCConfigurationList;
			buildConfigurations = (
				BB073D592A619FFC0042C314 /* Debug */,
				BB073D5A2A619FFC0042C314 /* Release */,
			);
			defaultConfigurationIsVisible = 0;
			defaultConfigurationName = Release;
		};
		BB9655A02A9CD2C1003596FF /* Build configuration list for PBXNativeTarget "SimpleTimeFlowsTests" */ = {
			isa = XCConfigurationList;
			buildConfigurations = (
				BB9655A12A9CD2C1003596FF /* Debug */,
				BB9655A22A9CD2C1003596FF /* Release */,
			);
			defaultConfigurationIsVisible = 0;
			defaultConfigurationName = Release;
		};
		BBE8E3AC2A98EDE800F0D516 /* Build configuration list for PBXNativeTarget "SimpleTimeFlowsUITests" */ = {
			isa = XCConfigurationList;
			buildConfigurations = (
				BBE8E3AD2A98EDE800F0D516 /* Debug */,
				BBE8E3AE2A98EDE800F0D516 /* Release */,
			);
			defaultConfigurationIsVisible = 0;
			defaultConfigurationName = Release;
		};
/* End XCConfigurationList section */

/* Begin XCRemoteSwiftPackageReference section */
		BB847E212A798FE2002A9994 /* XCRemoteSwiftPackageReference "CSVData" */ = {
			isa = XCRemoteSwiftPackageReference;
			repositoryURL = "https://github.com/oliverbrehm/CSVData.git";
			requirement = {
				branch = main;
				kind = branch;
			};
		};
		BBC624B72A8FC3480096AA2B /* XCRemoteSwiftPackageReference "ViewInspector" */ = {
			isa = XCRemoteSwiftPackageReference;
			repositoryURL = "https://github.com/nalexn/ViewInspector";
			requirement = {
				kind = upToNextMajorVersion;
				minimumVersion = 0.9.7;
			};
		};
/* End XCRemoteSwiftPackageReference section */

/* Begin XCSwiftPackageProductDependency section */
		BB847E222A798FE2002A9994 /* CSVData */ = {
			isa = XCSwiftPackageProductDependency;
			package = BB847E212A798FE2002A9994 /* XCRemoteSwiftPackageReference "CSVData" */;
			productName = CSVData;
		};
/* End XCSwiftPackageProductDependency section */
	};
	rootObject = BB073D2B2A619FFB0042C314 /* Project object */;
}
